
Microsoft Visual Studio Solution File, Format Version 12.00
# Visual Studio 15
VisualStudioVersion = 15.0.27004.2005
MinimumVisualStudioVersion = 10.0.40219.1
Project("{FAE04EC0-301F-11D3-BF4B-00C04F79EFBC}") = "mAppQuiz.Android", "mAppQuiz\mAppQuiz.Android\mAppQuiz.Android.csproj", "{D56C226E-04B3-4B07-A08E-CEEFF91B13DB}"
EndProject
Project("{FAE04EC0-301F-11D3-BF4B-00C04F79EFBC}") = "mAppQuiz", "mAppQuiz\mAppQuiz\mAppQuiz.csproj", "{4F827EEC-D373-4A97-ACF1-C7BD9C528272}"
EndProject
Project("{FAE04EC0-301F-11D3-BF4B-00C04F79EFBC}") = "mAppQuiz.UWP", "mAppQuiz\mAppQuiz.UWP\mAppQuiz.UWP.csproj", "{0223401E-3E6F-44BC-AB8C-5544287F90B1}"
EndProject
Project("{FAE04EC0-301F-11D3-BF4B-00C04F79EFBC}") = "mAppQuiz.iOS", "mAppQuiz\mAppQuiz.iOS\mAppQuiz.iOS.csproj", "{5B5ED92E-5FA8-469C-8BA1-84FC3600A4CA}"
EndProject
Global
	GlobalSection(SolutionConfigurationPlatforms) = preSolution
		Ad-Hoc|Any CPU = Ad-Hoc|Any CPU
		Ad-Hoc|ARM = Ad-Hoc|ARM
		Ad-Hoc|iPhone = Ad-Hoc|iPhone
		Ad-Hoc|iPhoneSimulator = Ad-Hoc|iPhoneSimulator
		Ad-Hoc|x64 = Ad-Hoc|x64
		Ad-Hoc|x86 = Ad-Hoc|x86
		AppStore|Any CPU = AppStore|Any CPU
		AppStore|ARM = AppStore|ARM
		AppStore|iPhone = AppStore|iPhone
		AppStore|iPhoneSimulator = AppStore|iPhoneSimulator
		AppStore|x64 = AppStore|x64
		AppStore|x86 = AppStore|x86
		Debug|Any CPU = Debug|Any CPU
		Debug|ARM = Debug|ARM
		Debug|iPhone = Debug|iPhone
		Debug|iPhoneSimulator = Debug|iPhoneSimulator
		Debug|x64 = Debug|x64
		Debug|x86 = Debug|x86
		Release|Any CPU = Release|Any CPU
		Release|ARM = Release|ARM
		Release|iPhone = Release|iPhone
		Release|iPhoneSimulator = Release|iPhoneSimulator
		Release|x64 = Release|x64
		Release|x86 = Release|x86
	EndGlobalSection
	GlobalSection(ProjectConfigurationPlatforms) = postSolution
		{D56C226E-04B3-4B07-A08E-CEEFF91B13DB}.Ad-Hoc|Any CPU.ActiveCfg = Release|Any CPU
		{D56C226E-04B3-4B07-A08E-CEEFF91B13DB}.Ad-Hoc|Any CPU.Build.0 = Release|Any CPU
		{D56C226E-04B3-4B07-A08E-CEEFF91B13DB}.Ad-Hoc|Any CPU.Deploy.0 = Release|Any CPU
		{D56C226E-04B3-4B07-A08E-CEEFF91B13DB}.Ad-Hoc|ARM.ActiveCfg = Release|Any CPU
		{D56C226E-04B3-4B07-A08E-CEEFF91B13DB}.Ad-Hoc|ARM.Build.0 = Release|Any CPU
		{D56C226E-04B3-4B07-A08E-CEEFF91B13DB}.Ad-Hoc|ARM.Deploy.0 = Release|Any CPU
		{D56C226E-04B3-4B07-A08E-CEEFF91B13DB}.Ad-Hoc|iPhone.ActiveCfg = Release|Any CPU
		{D56C226E-04B3-4B07-A08E-CEEFF91B13DB}.Ad-Hoc|iPhone.Build.0 = Release|Any CPU
		{D56C226E-04B3-4B07-A08E-CEEFF91B13DB}.Ad-Hoc|iPhone.Deploy.0 = Release|Any CPU
		{D56C226E-04B3-4B07-A08E-CEEFF91B13DB}.Ad-Hoc|iPhoneSimulator.ActiveCfg = Release|Any CPU
		{D56C226E-04B3-4B07-A08E-CEEFF91B13DB}.Ad-Hoc|iPhoneSimulator.Build.0 = Release|Any CPU
		{D56C226E-04B3-4B07-A08E-CEEFF91B13DB}.Ad-Hoc|iPhoneSimulator.Deploy.0 = Release|Any CPU
		{D56C226E-04B3-4B07-A08E-CEEFF91B13DB}.Ad-Hoc|x64.ActiveCfg = Release|Any CPU
		{D56C226E-04B3-4B07-A08E-CEEFF91B13DB}.Ad-Hoc|x64.Build.0 = Release|Any CPU
		{D56C226E-04B3-4B07-A08E-CEEFF91B13DB}.Ad-Hoc|x64.Deploy.0 = Release|Any CPU
		{D56C226E-04B3-4B07-A08E-CEEFF91B13DB}.Ad-Hoc|x86.ActiveCfg = Release|Any CPU
		{D56C226E-04B3-4B07-A08E-CEEFF91B13DB}.Ad-Hoc|x86.Build.0 = Release|Any CPU
		{D56C226E-04B3-4B07-A08E-CEEFF91B13DB}.Ad-Hoc|x86.Deploy.0 = Release|Any CPU
		{D56C226E-04B3-4B07-A08E-CEEFF91B13DB}.AppStore|Any CPU.ActiveCfg = Release|Any CPU
		{D56C226E-04B3-4B07-A08E-CEEFF91B13DB}.AppStore|Any CPU.Build.0 = Release|Any CPU
		{D56C226E-04B3-4B07-A08E-CEEFF91B13DB}.AppStore|Any CPU.Deploy.0 = Release|Any CPU
		{D56C226E-04B3-4B07-A08E-CEEFF91B13DB}.AppStore|ARM.ActiveCfg = Release|Any CPU
		{D56C226E-04B3-4B07-A08E-CEEFF91B13DB}.AppStore|ARM.Build.0 = Release|Any CPU
		{D56C226E-04B3-4B07-A08E-CEEFF91B13DB}.AppStore|ARM.Deploy.0 = Release|Any CPU
		{D56C226E-04B3-4B07-A08E-CEEFF91B13DB}.AppStore|iPhone.ActiveCfg = Release|Any CPU
		{D56C226E-04B3-4B07-A08E-CEEFF91B13DB}.AppStore|iPhone.Build.0 = Release|Any CPU
		{D56C226E-04B3-4B07-A08E-CEEFF91B13DB}.AppStore|iPhone.Deploy.0 = Release|Any CPU
		{D56C226E-04B3-4B07-A08E-CEEFF91B13DB}.AppStore|iPhoneSimulator.ActiveCfg = Release|Any CPU
		{D56C226E-04B3-4B07-A08E-CEEFF91B13DB}.AppStore|iPhoneSimulator.Build.0 = Release|Any CPU
		{D56C226E-04B3-4B07-A08E-CEEFF91B13DB}.AppStore|iPhoneSimulator.Deploy.0 = Release|Any CPU
		{D56C226E-04B3-4B07-A08E-CEEFF91B13DB}.AppStore|x64.ActiveCfg = Release|Any CPU
		{D56C226E-04B3-4B07-A08E-CEEFF91B13DB}.AppStore|x64.Build.0 = Release|Any CPU
		{D56C226E-04B3-4B07-A08E-CEEFF91B13DB}.AppStore|x64.Deploy.0 = Release|Any CPU
		{D56C226E-04B3-4B07-A08E-CEEFF91B13DB}.AppStore|x86.ActiveCfg = Release|Any CPU
		{D56C226E-04B3-4B07-A08E-CEEFF91B13DB}.AppStore|x86.Build.0 = Release|Any CPU
		{D56C226E-04B3-4B07-A08E-CEEFF91B13DB}.AppStore|x86.Deploy.0 = Release|Any CPU
		{D56C226E-04B3-4B07-A08E-CEEFF91B13DB}.Debug|Any CPU.ActiveCfg = Debug|Any CPU
		{D56C226E-04B3-4B07-A08E-CEEFF91B13DB}.Debug|Any CPU.Build.0 = Debug|Any CPU
		{D56C226E-04B3-4B07-A08E-CEEFF91B13DB}.Debug|Any CPU.Deploy.0 = Debug|Any CPU
		{D56C226E-04B3-4B07-A08E-CEEFF91B13DB}.Debug|ARM.ActiveCfg = Debug|Any CPU
		{D56C226E-04B3-4B07-A08E-CEEFF91B13DB}.Debug|ARM.Build.0 = Debug|Any CPU
		{D56C226E-04B3-4B07-A08E-CEEFF91B13DB}.Debug|ARM.Deploy.0 = Debug|Any CPU
		{D56C226E-04B3-4B07-A08E-CEEFF91B13DB}.Debug|iPhone.ActiveCfg = Debug|Any CPU
		{D56C226E-04B3-4B07-A08E-CEEFF91B13DB}.Debug|iPhone.Build.0 = Debug|Any CPU
		{D56C226E-04B3-4B07-A08E-CEEFF91B13DB}.Debug|iPhone.Deploy.0 = Debug|Any CPU
		{D56C226E-04B3-4B07-A08E-CEEFF91B13DB}.Debug|iPhoneSimulator.ActiveCfg = Debug|Any CPU
		{D56C226E-04B3-4B07-A08E-CEEFF91B13DB}.Debug|iPhoneSimulator.Build.0 = Debug|Any CPU
		{D56C226E-04B3-4B07-A08E-CEEFF91B13DB}.Debug|iPhoneSimulator.Deploy.0 = Debug|Any CPU
		{D56C226E-04B3-4B07-A08E-CEEFF91B13DB}.Debug|x64.ActiveCfg = Debug|Any CPU
		{D56C226E-04B3-4B07-A08E-CEEFF91B13DB}.Debug|x64.Build.0 = Debug|Any CPU
		{D56C226E-04B3-4B07-A08E-CEEFF91B13DB}.Debug|x64.Deploy.0 = Debug|Any CPU
		{D56C226E-04B3-4B07-A08E-CEEFF91B13DB}.Debug|x86.ActiveCfg = Debug|Any CPU
		{D56C226E-04B3-4B07-A08E-CEEFF91B13DB}.Debug|x86.Build.0 = Debug|Any CPU
		{D56C226E-04B3-4B07-A08E-CEEFF91B13DB}.Debug|x86.Deploy.0 = Debug|Any CPU
		{D56C226E-04B3-4B07-A08E-CEEFF91B13DB}.Release|Any CPU.ActiveCfg = Release|Any CPU
		{D56C226E-04B3-4B07-A08E-CEEFF91B13DB}.Release|Any CPU.Build.0 = Release|Any CPU
		{D56C226E-04B3-4B07-A08E-CEEFF91B13DB}.Release|Any CPU.Deploy.0 = Release|Any CPU
		{D56C226E-04B3-4B07-A08E-CEEFF91B13DB}.Release|ARM.ActiveCfg = Release|Any CPU
		{D56C226E-04B3-4B07-A08E-CEEFF91B13DB}.Release|ARM.Build.0 = Release|Any CPU
		{D56C226E-04B3-4B07-A08E-CEEFF91B13DB}.Release|ARM.Deploy.0 = Release|Any CPU
		{D56C226E-04B3-4B07-A08E-CEEFF91B13DB}.Release|iPhone.ActiveCfg = Release|Any CPU
		{D56C226E-04B3-4B07-A08E-CEEFF91B13DB}.Release|iPhone.Build.0 = Release|Any CPU
		{D56C226E-04B3-4B07-A08E-CEEFF91B13DB}.Release|iPhone.Deploy.0 = Release|Any CPU
		{D56C226E-04B3-4B07-A08E-CEEFF91B13DB}.Release|iPhoneSimulator.ActiveCfg = Release|Any CPU
		{D56C226E-04B3-4B07-A08E-CEEFF91B13DB}.Release|iPhoneSimulator.Build.0 = Release|Any CPU
		{D56C226E-04B3-4B07-A08E-CEEFF91B13DB}.Release|iPhoneSimulator.Deploy.0 = Release|Any CPU
		{D56C226E-04B3-4B07-A08E-CEEFF91B13DB}.Release|x64.ActiveCfg = Release|Any CPU
		{D56C226E-04B3-4B07-A08E-CEEFF91B13DB}.Release|x64.Build.0 = Release|Any CPU
		{D56C226E-04B3-4B07-A08E-CEEFF91B13DB}.Release|x64.Deploy.0 = Release|Any CPU
		{D56C226E-04B3-4B07-A08E-CEEFF91B13DB}.Release|x86.ActiveCfg = Release|Any CPU
		{D56C226E-04B3-4B07-A08E-CEEFF91B13DB}.Release|x86.Build.0 = Release|Any CPU
		{D56C226E-04B3-4B07-A08E-CEEFF91B13DB}.Release|x86.Deploy.0 = Release|Any CPU
		{4F827EEC-D373-4A97-ACF1-C7BD9C528272}.Ad-Hoc|Any CPU.ActiveCfg = Release|Any CPU
		{4F827EEC-D373-4A97-ACF1-C7BD9C528272}.Ad-Hoc|Any CPU.Build.0 = Release|Any CPU
		{4F827EEC-D373-4A97-ACF1-C7BD9C528272}.Ad-Hoc|ARM.ActiveCfg = Release|Any CPU
		{4F827EEC-D373-4A97-ACF1-C7BD9C528272}.Ad-Hoc|ARM.Build.0 = Release|Any CPU
		{4F827EEC-D373-4A97-ACF1-C7BD9C528272}.Ad-Hoc|iPhone.ActiveCfg = Release|Any CPU
		{4F827EEC-D373-4A97-ACF1-C7BD9C528272}.Ad-Hoc|iPhone.Build.0 = Release|Any CPU
		{4F827EEC-D373-4A97-ACF1-C7BD9C528272}.Ad-Hoc|iPhoneSimulator.ActiveCfg = Release|Any CPU
		{4F827EEC-D373-4A97-ACF1-C7BD9C528272}.Ad-Hoc|iPhoneSimulator.Build.0 = Release|Any CPU
		{4F827EEC-D373-4A97-ACF1-C7BD9C528272}.Ad-Hoc|x64.ActiveCfg = Release|Any CPU
		{4F827EEC-D373-4A97-ACF1-C7BD9C528272}.Ad-Hoc|x64.Build.0 = Release|Any CPU
		{4F827EEC-D373-4A97-ACF1-C7BD9C528272}.Ad-Hoc|x86.ActiveCfg = Release|Any CPU
		{4F827EEC-D373-4A97-ACF1-C7BD9C528272}.Ad-Hoc|x86.Build.0 = Release|Any CPU
		{4F827EEC-D373-4A97-ACF1-C7BD9C528272}.AppStore|Any CPU.ActiveCfg = Release|Any CPU
		{4F827EEC-D373-4A97-ACF1-C7BD9C528272}.AppStore|Any CPU.Build.0 = Release|Any CPU
		{4F827EEC-D373-4A97-ACF1-C7BD9C528272}.AppStore|ARM.ActiveCfg = Release|Any CPU
		{4F827EEC-D373-4A97-ACF1-C7BD9C528272}.AppStore|ARM.Build.0 = Release|Any CPU
		{4F827EEC-D373-4A97-ACF1-C7BD9C528272}.AppStore|iPhone.ActiveCfg = Release|Any CPU
		{4F827EEC-D373-4A97-ACF1-C7BD9C528272}.AppStore|iPhone.Build.0 = Release|Any CPU
		{4F827EEC-D373-4A97-ACF1-C7BD9C528272}.AppStore|iPhoneSimulator.ActiveCfg = Release|Any CPU
		{4F827EEC-D373-4A97-ACF1-C7BD9C528272}.AppStore|iPhoneSimulator.Build.0 = Release|Any CPU
		{4F827EEC-D373-4A97-ACF1-C7BD9C528272}.AppStore|x64.ActiveCfg = Release|Any CPU
		{4F827EEC-D373-4A97-ACF1-C7BD9C528272}.AppStore|x64.Build.0 = Release|Any CPU
		{4F827EEC-D373-4A97-ACF1-C7BD9C528272}.AppStore|x86.ActiveCfg = Release|Any CPU
		{4F827EEC-D373-4A97-ACF1-C7BD9C528272}.AppStore|x86.Build.0 = Release|Any CPU
		{4F827EEC-D373-4A97-ACF1-C7BD9C528272}.Debug|Any CPU.ActiveCfg = Debug|Any CPU
		{4F827EEC-D373-4A97-ACF1-C7BD9C528272}.Debug|Any CPU.Build.0 = Debug|Any CPU
		{4F827EEC-D373-4A97-ACF1-C7BD9C528272}.Debug|ARM.ActiveCfg = Debug|Any CPU
		{4F827EEC-D373-4A97-ACF1-C7BD9C528272}.Debug|ARM.Build.0 = Debug|Any CPU
		{4F827EEC-D373-4A97-ACF1-C7BD9C528272}.Debug|iPhone.ActiveCfg = Debug|Any CPU
		{4F827EEC-D373-4A97-ACF1-C7BD9C528272}.Debug|iPhone.Build.0 = Debug|Any CPU
		{4F827EEC-D373-4A97-ACF1-C7BD9C528272}.Debug|iPhoneSimulator.ActiveCfg = Debug|Any CPU
		{4F827EEC-D373-4A97-ACF1-C7BD9C528272}.Debug|iPhoneSimulator.Build.0 = Debug|Any CPU
		{4F827EEC-D373-4A97-ACF1-C7BD9C528272}.Debug|x64.ActiveCfg = Debug|Any CPU
		{4F827EEC-D373-4A97-ACF1-C7BD9C528272}.Debug|x64.Build.0 = Debug|Any CPU
		{4F827EEC-D373-4A97-ACF1-C7BD9C528272}.Debug|x86.ActiveCfg = Debug|Any CPU
		{4F827EEC-D373-4A97-ACF1-C7BD9C528272}.Debug|x86.Build.0 = Debug|Any CPU
		{4F827EEC-D373-4A97-ACF1-C7BD9C528272}.Release|Any CPU.ActiveCfg = Release|Any CPU
		{4F827EEC-D373-4A97-ACF1-C7BD9C528272}.Release|Any CPU.Build.0 = Release|Any CPU
		{4F827EEC-D373-4A97-ACF1-C7BD9C528272}.Release|ARM.ActiveCfg = Release|Any CPU
		{4F827EEC-D373-4A97-ACF1-C7BD9C528272}.Release|ARM.Build.0 = Release|Any CPU
		{4F827EEC-D373-4A97-ACF1-C7BD9C528272}.Release|iPhone.ActiveCfg = Release|Any CPU
		{4F827EEC-D373-4A97-ACF1-C7BD9C528272}.Release|iPhone.Build.0 = Release|Any CPU
		{4F827EEC-D373-4A97-ACF1-C7BD9C528272}.Release|iPhoneSimulator.ActiveCfg = Release|Any CPU
		{4F827EEC-D373-4A97-ACF1-C7BD9C528272}.Release|iPhoneSimulator.Build.0 = Release|Any CPU
		{4F827EEC-D373-4A97-ACF1-C7BD9C528272}.Release|x64.ActiveCfg = Release|Any CPU
		{4F827EEC-D373-4A97-ACF1-C7BD9C528272}.Release|x64.Build.0 = Release|Any CPU
		{4F827EEC-D373-4A97-ACF1-C7BD9C528272}.Release|x86.ActiveCfg = Release|Any CPU
		{4F827EEC-D373-4A97-ACF1-C7BD9C528272}.Release|x86.Build.0 = Release|Any CPU
		{0223401E-3E6F-44BC-AB8C-5544287F90B1}.Ad-Hoc|Any CPU.ActiveCfg = Release|x86
		{0223401E-3E6F-44BC-AB8C-5544287F90B1}.Ad-Hoc|Any CPU.Build.0 = Release|x86
		{0223401E-3E6F-44BC-AB8C-5544287F90B1}.Ad-Hoc|Any CPU.Deploy.0 = Release|x86
		{0223401E-3E6F-44BC-AB8C-5544287F90B1}.Ad-Hoc|ARM.ActiveCfg = Release|ARM
		{0223401E-3E6F-44BC-AB8C-5544287F90B1}.Ad-Hoc|ARM.Build.0 = Release|ARM
		{0223401E-3E6F-44BC-AB8C-5544287F90B1}.Ad-Hoc|ARM.Deploy.0 = Release|ARM
		{0223401E-3E6F-44BC-AB8C-5544287F90B1}.Ad-Hoc|iPhone.ActiveCfg = Release|x86
		{0223401E-3E6F-44BC-AB8C-5544287F90B1}.Ad-Hoc|iPhone.Build.0 = Release|x86
		{0223401E-3E6F-44BC-AB8C-5544287F90B1}.Ad-Hoc|iPhone.Deploy.0 = Release|x86
		{0223401E-3E6F-44BC-AB8C-5544287F90B1}.Ad-Hoc|iPhoneSimulator.ActiveCfg = Release|x86
		{0223401E-3E6F-44BC-AB8C-5544287F90B1}.Ad-Hoc|iPhoneSimulator.Build.0 = Release|x86
		{0223401E-3E6F-44BC-AB8C-5544287F90B1}.Ad-Hoc|iPhoneSimulator.Deploy.0 = Release|x86
		{0223401E-3E6F-44BC-AB8C-5544287F90B1}.Ad-Hoc|x64.ActiveCfg = Release|x64
		{0223401E-3E6F-44BC-AB8C-5544287F90B1}.Ad-Hoc|x64.Build.0 = Release|x64
		{0223401E-3E6F-44BC-AB8C-5544287F90B1}.Ad-Hoc|x64.Deploy.0 = Release|x64
		{0223401E-3E6F-44BC-AB8C-5544287F90B1}.Ad-Hoc|x86.ActiveCfg = Release|x86
		{0223401E-3E6F-44BC-AB8C-5544287F90B1}.Ad-Hoc|x86.Build.0 = Release|x86
		{0223401E-3E6F-44BC-AB8C-5544287F90B1}.Ad-Hoc|x86.Deploy.0 = Release|x86
		{0223401E-3E6F-44BC-AB8C-5544287F90B1}.AppStore|Any CPU.ActiveCfg = Release|x86
		{0223401E-3E6F-44BC-AB8C-5544287F90B1}.AppStore|Any CPU.Build.0 = Release|x86
		{0223401E-3E6F-44BC-AB8C-5544287F90B1}.AppStore|Any CPU.Deploy.0 = Release|x86
		{0223401E-3E6F-44BC-AB8C-5544287F90B1}.AppStore|ARM.ActiveCfg = Release|ARM
		{0223401E-3E6F-44BC-AB8C-5544287F90B1}.AppStore|ARM.Build.0 = Release|ARM
		{0223401E-3E6F-44BC-AB8C-5544287F90B1}.AppStore|ARM.Deploy.0 = Release|ARM
		{0223401E-3E6F-44BC-AB8C-5544287F90B1}.AppStore|iPhone.ActiveCfg = Release|x86
		{0223401E-3E6F-44BC-AB8C-5544287F90B1}.AppStore|iPhone.Build.0 = Release|x86
		{0223401E-3E6F-44BC-AB8C-5544287F90B1}.AppStore|iPhone.Deploy.0 = Release|x86
		{0223401E-3E6F-44BC-AB8C-5544287F90B1}.AppStore|iPhoneSimulator.ActiveCfg = Release|x86
		{0223401E-3E6F-44BC-AB8C-5544287F90B1}.AppStore|iPhoneSimulator.Build.0 = Release|x86
		{0223401E-3E6F-44BC-AB8C-5544287F90B1}.AppStore|iPhoneSimulator.Deploy.0 = Release|x86
		{0223401E-3E6F-44BC-AB8C-5544287F90B1}.AppStore|x64.ActiveCfg = Release|x64
		{0223401E-3E6F-44BC-AB8C-5544287F90B1}.AppStore|x64.Build.0 = Release|x64
		{0223401E-3E6F-44BC-AB8C-5544287F90B1}.AppStore|x64.Deploy.0 = Release|x64
		{0223401E-3E6F-44BC-AB8C-5544287F90B1}.AppStore|x86.ActiveCfg = Release|x86
		{0223401E-3E6F-44BC-AB8C-5544287F90B1}.AppStore|x86.Build.0 = Release|x86
		{0223401E-3E6F-44BC-AB8C-5544287F90B1}.AppStore|x86.Deploy.0 = Release|x86
		{0223401E-3E6F-44BC-AB8C-5544287F90B1}.Debug|Any CPU.ActiveCfg = Debug|x86
		{0223401E-3E6F-44BC-AB8C-5544287F90B1}.Debug|ARM.ActiveCfg = Debug|ARM
		{0223401E-3E6F-44BC-AB8C-5544287F90B1}.Debug|ARM.Build.0 = Debug|ARM
		{0223401E-3E6F-44BC-AB8C-5544287F90B1}.Debug|ARM.Deploy.0 = Debug|ARM
		{0223401E-3E6F-44BC-AB8C-5544287F90B1}.Debug|iPhone.ActiveCfg = Debug|x86
		{0223401E-3E6F-44BC-AB8C-5544287F90B1}.Debug|iPhoneSimulator.ActiveCfg = Debug|x86
		{0223401E-3E6F-44BC-AB8C-5544287F90B1}.Debug|x64.ActiveCfg = Debug|x64
		{0223401E-3E6F-44BC-AB8C-5544287F90B1}.Debug|x64.Build.0 = Debug|x64
		{0223401E-3E6F-44BC-AB8C-5544287F90B1}.Debug|x64.Deploy.0 = Debug|x64
		{0223401E-3E6F-44BC-AB8C-5544287F90B1}.Debug|x86.ActiveCfg = Debug|x86
		{0223401E-3E6F-44BC-AB8C-5544287F90B1}.Debug|x86.Build.0 = Debug|x86
		{0223401E-3E6F-44BC-AB8C-5544287F90B1}.Debug|x86.Deploy.0 = Debug|x86
		{0223401E-3E6F-44BC-AB8C-5544287F90B1}.Release|Any CPU.ActiveCfg = Release|x86
		{0223401E-3E6F-44BC-AB8C-5544287F90B1}.Release|ARM.ActiveCfg = Release|ARM
		{0223401E-3E6F-44BC-AB8C-5544287F90B1}.Release|ARM.Build.0 = Release|ARM
		{0223401E-3E6F-44BC-AB8C-5544287F90B1}.Release|ARM.Deploy.0 = Release|ARM
		{0223401E-3E6F-44BC-AB8C-5544287F90B1}.Release|iPhone.ActiveCfg = Release|x86
		{0223401E-3E6F-44BC-AB8C-5544287F90B1}.Release|iPhoneSimulator.ActiveCfg = Release|x86
		{0223401E-3E6F-44BC-AB8C-5544287F90B1}.Release|x64.ActiveCfg = Release|x64
		{0223401E-3E6F-44BC-AB8C-5544287F90B1}.Release|x64.Build.0 = Release|x64
		{0223401E-3E6F-44BC-AB8C-5544287F90B1}.Release|x64.Deploy.0 = Release|x64
		{0223401E-3E6F-44BC-AB8C-5544287F90B1}.Release|x86.ActiveCfg = Release|x86
		{0223401E-3E6F-44BC-AB8C-5544287F90B1}.Release|x86.Build.0 = Release|x86
		{0223401E-3E6F-44BC-AB8C-5544287F90B1}.Release|x86.Deploy.0 = Release|x86
		{5B5ED92E-5FA8-469C-8BA1-84FC3600A4CA}.Ad-Hoc|Any CPU.ActiveCfg = Ad-Hoc|iPhone
		{5B5ED92E-5FA8-469C-8BA1-84FC3600A4CA}.Ad-Hoc|ARM.ActiveCfg = Ad-Hoc|iPhone
		{5B5ED92E-5FA8-469C-8BA1-84FC3600A4CA}.Ad-Hoc|iPhone.ActiveCfg = Ad-Hoc|iPhone
		{5B5ED92E-5FA8-469C-8BA1-84FC3600A4CA}.Ad-Hoc|iPhone.Build.0 = Ad-Hoc|iPhone
		{5B5ED92E-5FA8-469C-8BA1-84FC3600A4CA}.Ad-Hoc|iPhoneSimulator.ActiveCfg = Ad-Hoc|iPhoneSimulator
		{5B5ED92E-5FA8-469C-8BA1-84FC3600A4CA}.Ad-Hoc|iPhoneSimulator.Build.0 = Ad-Hoc|iPhoneSimulator
		{5B5ED92E-5FA8-469C-8BA1-84FC3600A4CA}.Ad-Hoc|x64.ActiveCfg = Ad-Hoc|iPhone
		{5B5ED92E-5FA8-469C-8BA1-84FC3600A4CA}.Ad-Hoc|x86.ActiveCfg = Ad-Hoc|iPhone
		{5B5ED92E-5FA8-469C-8BA1-84FC3600A4CA}.AppStore|Any CPU.ActiveCfg = AppStore|iPhone
		{5B5ED92E-5FA8-469C-8BA1-84FC3600A4CA}.AppStore|ARM.ActiveCfg = AppStore|iPhone
		{5B5ED92E-5FA8-469C-8BA1-84FC3600A4CA}.AppStore|iPhone.ActiveCfg = AppStore|iPhone
		{5B5ED92E-5FA8-469C-8BA1-84FC3600A4CA}.AppStore|iPhone.Build.0 = AppStore|iPhone
		{5B5ED92E-5FA8-469C-8BA1-84FC3600A4CA}.AppStore|iPhoneSimulator.ActiveCfg = AppStore|iPhoneSimulator
		{5B5ED92E-5FA8-469C-8BA1-84FC3600A4CA}.AppStore|iPhoneSimulator.Build.0 = AppStore|iPhoneSimulator
		{5B5ED92E-5FA8-469C-8BA1-84FC3600A4CA}.AppStore|x64.ActiveCfg = AppStore|iPhone
		{5B5ED92E-5FA8-469C-8BA1-84FC3600A4CA}.AppStore|x86.ActiveCfg = AppStore|iPhone
		{5B5ED92E-5FA8-469C-8BA1-84FC3600A4CA}.Debug|Any CPU.ActiveCfg = Debug|iPhone
		{5B5ED92E-5FA8-469C-8BA1-84FC3600A4CA}.Debug|ARM.ActiveCfg = Debug|iPhone
		{5B5ED92E-5FA8-469C-8BA1-84FC3600A4CA}.Debug|iPhone.ActiveCfg = Debug|iPhone
		{5B5ED92E-5FA8-469C-8BA1-84FC3600A4CA}.Debug|iPhone.Build.0 = Debug|iPhone
		{5B5ED92E-5FA8-469C-8BA1-84FC3600A4CA}.Debug|iPhoneSimulator.ActiveCfg = Debug|iPhoneSimulator
		{5B5ED92E-5FA8-469C-8BA1-84FC3600A4CA}.Debug|iPhoneSimulator.Build.0 = Debug|iPhoneSimulator
		{5B5ED92E-5FA8-469C-8BA1-84FC3600A4CA}.Debug|x64.ActiveCfg = Debug|iPhone
		{5B5ED92E-5FA8-469C-8BA1-84FC3600A4CA}.Debug|x86.ActiveCfg = Debug|iPhoneSimulator
		{5B5ED92E-5FA8-469C-8BA1-84FC3600A4CA}.Debug|x86.Build.0 = Debug|iPhoneSimulator
		{5B5ED92E-5FA8-469C-8BA1-84FC3600A4CA}.Release|Any CPU.ActiveCfg = Release|iPhone
		{5B5ED92E-5FA8-469C-8BA1-84FC3600A4CA}.Release|ARM.ActiveCfg = Release|iPhone
		{5B5ED92E-5FA8-469C-8BA1-84FC3600A4CA}.Release|iPhone.ActiveCfg = Release|iPhone
		{5B5ED92E-5FA8-469C-8BA1-84FC3600A4CA}.Release|iPhone.Build.0 = Release|iPhone
		{5B5ED92E-5FA8-469C-8BA1-84FC3600A4CA}.Release|iPhoneSimulator.ActiveCfg = Release|iPhoneSimulator
		{5B5ED92E-5FA8-469C-8BA1-84FC3600A4CA}.Release|iPhoneSimulator.Build.0 = Release|iPhoneSimulator
		{5B5ED92E-5FA8-469C-8BA1-84FC3600A4CA}.Release|x64.ActiveCfg = Release|iPhone
		{5B5ED92E-5FA8-469C-8BA1-84FC3600A4CA}.Release|x86.ActiveCfg = Release|iPhone
	EndGlobalSection
	GlobalSection(SolutionProperties) = preSolution
		HideSolutionNode = FALSE
	EndGlobalSection
	GlobalSection(ExtensibilityGlobals) = postSolution
		SolutionGuid = {6B2B8D70-5AA5-4DD4-A964-52BA801CD443}
	EndGlobalSection
EndGlobal
